
Microsoft Visual Studio Solution File, Format Version 12.00
# Visual Studio 15
VisualStudioVersion = 15.0.28307.779
MinimumVisualStudioVersion = 10.0.40219.1
Project("{FAE04EC0-301F-11D3-BF4B-00C04F79EFBC}") = "RepoBranchTest", "RepoBranchTest\RepoBranchTest.csproj", "{1D5CEE4D-4B63-419F-8BB6-688B95657213}"
EndProject
Global
	GlobalSection(SolutionConfigurationPlatforms) = preSolution
		Debug|Any CPU = Debug|Any CPU
		Release|Any CPU = Release|Any CPU
	EndGlobalSection
	GlobalSection(ProjectConfigurationPlatforms) = postSolution
		{1D5CEE4D-4B63-419F-8BB6-688B95657213}.Debug|Any CPU.ActiveCfg = Debug|Any CPU
		{1D5CEE4D-4B63-419F-8BB6-688B95657213}.Debug|Any CPU.Build.0 = Debug|Any CPU
		{1D5CEE4D-4B63-419F-8BB6-688B95657213}.Release|Any CPU.ActiveCfg = Release|Any CPU
		{1D5CEE4D-4B63-419F-8BB6-688B95657213}.Release|Any CPU.Build.0 = Release|Any CPU
	EndGlobalSection
	GlobalSection(SolutionProperties) = preSolution
		HideSolutionNode = FALSE
	EndGlobalSection
	GlobalSection(ExtensibilityGlobals) = postSolution
		SolutionGuid = {CEDEC0FB-0DFC-45EA-92F0-5570E4FA7860}
	EndGlobalSection
EndGlobal
